
Microsoft Visual Studio Solution File, Format Version 12.00
# Visual Studio 15
VisualStudioVersion = 15.0.27004.2006
MinimumVisualStudioVersion = 10.0.40219.1
Project("{FAE04EC0-301F-11D3-BF4B-00C04F79EFBC}") = "DevStore.Domain", "DevStore.Domain\DevStore.Domain.csproj", "{A67F2810-ACD5-4AFA-9476-45ED7CB860B6}"
EndProject
Project("{FAE04EC0-301F-11D3-BF4B-00C04F79EFBC}") = "DevStore.Infra", "DevStore.Infra\DevStore.Infra.csproj", "{496C9A7D-604D-4505-9595-E13C36B3BCCB}"
EndProject
Project("{FAE04EC0-301F-11D3-BF4B-00C04F79EFBC}") = "DevStore.Api", "DevStore.Api\DevStore.Api.csproj", "{C0B25A74-92AC-4636-8E01-1D8CE691B5C0}"
EndProject
Global
	GlobalSection(SolutionConfigurationPlatforms) = preSolution
		Debug|Any CPU = Debug|Any CPU
		Release|Any CPU = Release|Any CPU
	EndGlobalSection
	GlobalSection(ProjectConfigurationPlatforms) = postSolution
		{A67F2810-ACD5-4AFA-9476-45ED7CB860B6}.Debug|Any CPU.ActiveCfg = Debug|Any CPU
		{A67F2810-ACD5-4AFA-9476-45ED7CB860B6}.Debug|Any CPU.Build.0 = Debug|Any CPU
		{A67F2810-ACD5-4AFA-9476-45ED7CB860B6}.Release|Any CPU.ActiveCfg = Release|Any CPU
		{A67F2810-ACD5-4AFA-9476-45ED7CB860B6}.Release|Any CPU.Build.0 = Release|Any CPU
		{496C9A7D-604D-4505-9595-E13C36B3BCCB}.Debug|Any CPU.ActiveCfg = Debug|Any CPU
		{496C9A7D-604D-4505-9595-E13C36B3BCCB}.Debug|Any CPU.Build.0 = Debug|Any CPU
		{496C9A7D-604D-4505-9595-E13C36B3BCCB}.Release|Any CPU.ActiveCfg = Release|Any CPU
		{496C9A7D-604D-4505-9595-E13C36B3BCCB}.Release|Any CPU.Build.0 = Release|Any CPU
		{C0B25A74-92AC-4636-8E01-1D8CE691B5C0}.Debug|Any CPU.ActiveCfg = Debug|Any CPU
		{C0B25A74-92AC-4636-8E01-1D8CE691B5C0}.Debug|Any CPU.Build.0 = Debug|Any CPU
		{C0B25A74-92AC-4636-8E01-1D8CE691B5C0}.Release|Any CPU.ActiveCfg = Release|Any CPU
		{C0B25A74-92AC-4636-8E01-1D8CE691B5C0}.Release|Any CPU.Build.0 = Release|Any CPU
	EndGlobalSection
	GlobalSection(SolutionProperties) = preSolution
		HideSolutionNode = FALSE
	EndGlobalSection
	GlobalSection(ExtensibilityGlobals) = postSolution
		SolutionGuid = {197462AE-6A19-46D5-A4BF-423612C31A4D}
	EndGlobalSection
EndGlobal
