
Microsoft Visual Studio Solution File, Format Version 12.00
# Visual Studio Version 16
VisualStudioVersion = 16.0.29806.167
MinimumVisualStudioVersion = 10.0.40219.1
Project("{2150E333-8FDC-42A3-9474-1A3956D46DE8}") = "Services", "Services", "{0C95645F-6DF9-4186-AEDF-A27330846A0B}"
EndProject
Project("{2150E333-8FDC-42A3-9474-1A3956D46DE8}") = "Catalogo", "Catalogo", "{CC4C6BA6-C514-47FA-BE9E-E2985611520F}"
EndProject
Project("{2150E333-8FDC-42A3-9474-1A3956D46DE8}") = "WebApps", "WebApps", "{7CD0042E-212E-4765-BD30-9A0BFA04EE31}"
EndProject
Project("{2150E333-8FDC-42A3-9474-1A3956D46DE8}") = "Cadastros", "Cadastros", "{3E6F5E0C-344A-46B0-9905-F6A38C0DF818}"
EndProject
Project("{2150E333-8FDC-42A3-9474-1A3956D46DE8}") = "Core", "Core", "{32F680B7-6A0F-494E-8D32-D63AB41DFC23}"
EndProject
Project("{2150E333-8FDC-42A3-9474-1A3956D46DE8}") = "Fiscal", "Fiscal", "{C712A520-3060-46F3-A20E-D2E63DB5A284}"
EndProject
Project("{2150E333-8FDC-42A3-9474-1A3956D46DE8}") = "Pagamentos", "Pagamentos", "{33EA74AA-992F-47F3-90C2-08A146B4A0D4}"
EndProject
Project("{2150E333-8FDC-42A3-9474-1A3956D46DE8}") = "Vendas", "Vendas", "{8D411A0D-4C32-4D7A-9259-B0EC3F621C37}"
EndProject
Project("{9A19103F-16F7-4668-BE54-9A1E7A4F7556}") = "NerdStore.Catalogo.Domain", "src\NerdStore.Catalogo.Domain\NerdStore.Catalogo.Domain.csproj", "{D949C05E-5FAD-44F9-A557-2B46E9501A37}"
EndProject
Project("{9A19103F-16F7-4668-BE54-9A1E7A4F7556}") = "NerdStore.Core", "src\NerdStore.Core\NerdStore.Core.csproj", "{FBD08E8B-B02F-4EC2-A280-FCA9D00C302E}"
EndProject
Project("{2150E333-8FDC-42A3-9474-1A3956D46DE8}") = "Tests", "Tests", "{651CA766-2AB5-460D-90AF-E6B48E1E4B93}"
EndProject
Project("{9A19103F-16F7-4668-BE54-9A1E7A4F7556}") = "NerdStore.Catalogo.Domain.Tests", "tests\NerdStore.Catalogo.Domain.Tests\NerdStore.Catalogo.Domain.Tests.csproj", "{7C09542A-062A-444D-B2C5-AC77EC718790}"
EndProject
Project("{9A19103F-16F7-4668-BE54-9A1E7A4F7556}") = "NerdStore.Catalogo.Data", "src\NerdStore.Catalogo.Data\NerdStore.Catalogo.Data.csproj", "{7074B6AD-F895-4DA1-BFE7-7DD95AD51808}"
EndProject
Project("{9A19103F-16F7-4668-BE54-9A1E7A4F7556}") = "NerdStore.Catalogo.Application", "src\NerdStore.Catalogo.Application\NerdStore.Catalogo.Application.csproj", "{07955039-15F8-41EF-9073-6EA86ED0646C}"
EndProject
Project("{9A19103F-16F7-4668-BE54-9A1E7A4F7556}") = "NerdStore.WebApp.Mvc", "src\NerdStore.WebApp.Mvc\NerdStore.WebApp.Mvc.csproj", "{9824548A-B175-40E2-ACF4-675AEA9CA903}"
EndProject
Project("{9A19103F-16F7-4668-BE54-9A1E7A4F7556}") = "NerdStore.Vendas.Domain", "src\NerdStore.Vendas.Domain\NerdStore.Vendas.Domain.csproj", "{F86E0B31-D09E-4A92-B3BD-030CE8A0F2F3}"
EndProject
Project("{9A19103F-16F7-4668-BE54-9A1E7A4F7556}") = "NerdStore.Vendas.Application", "src\NerdStore.Vendas.Application\NerdStore.Vendas.Application.csproj", "{46751030-80C6-4628-9B0E-2FEA0B294341}"
EndProject
Global
	GlobalSection(SolutionConfigurationPlatforms) = preSolution
		Debug|Any CPU = Debug|Any CPU
		Release|Any CPU = Release|Any CPU
	EndGlobalSection
	GlobalSection(ProjectConfigurationPlatforms) = postSolution
		{D949C05E-5FAD-44F9-A557-2B46E9501A37}.Debug|Any CPU.ActiveCfg = Debug|Any CPU
		{D949C05E-5FAD-44F9-A557-2B46E9501A37}.Debug|Any CPU.Build.0 = Debug|Any CPU
		{D949C05E-5FAD-44F9-A557-2B46E9501A37}.Release|Any CPU.ActiveCfg = Release|Any CPU
		{D949C05E-5FAD-44F9-A557-2B46E9501A37}.Release|Any CPU.Build.0 = Release|Any CPU
		{FBD08E8B-B02F-4EC2-A280-FCA9D00C302E}.Debug|Any CPU.ActiveCfg = Debug|Any CPU
		{FBD08E8B-B02F-4EC2-A280-FCA9D00C302E}.Debug|Any CPU.Build.0 = Debug|Any CPU
		{FBD08E8B-B02F-4EC2-A280-FCA9D00C302E}.Release|Any CPU.ActiveCfg = Release|Any CPU
		{FBD08E8B-B02F-4EC2-A280-FCA9D00C302E}.Release|Any CPU.Build.0 = Release|Any CPU
		{7C09542A-062A-444D-B2C5-AC77EC718790}.Debug|Any CPU.ActiveCfg = Debug|Any CPU
		{7C09542A-062A-444D-B2C5-AC77EC718790}.Debug|Any CPU.Build.0 = Debug|Any CPU
		{7C09542A-062A-444D-B2C5-AC77EC718790}.Release|Any CPU.ActiveCfg = Release|Any CPU
		{7C09542A-062A-444D-B2C5-AC77EC718790}.Release|Any CPU.Build.0 = Release|Any CPU
		{7074B6AD-F895-4DA1-BFE7-7DD95AD51808}.Debug|Any CPU.ActiveCfg = Debug|Any CPU
		{7074B6AD-F895-4DA1-BFE7-7DD95AD51808}.Debug|Any CPU.Build.0 = Debug|Any CPU
		{7074B6AD-F895-4DA1-BFE7-7DD95AD51808}.Release|Any CPU.ActiveCfg = Release|Any CPU
		{7074B6AD-F895-4DA1-BFE7-7DD95AD51808}.Release|Any CPU.Build.0 = Release|Any CPU
		{07955039-15F8-41EF-9073-6EA86ED0646C}.Debug|Any CPU.ActiveCfg = Debug|Any CPU
		{07955039-15F8-41EF-9073-6EA86ED0646C}.Debug|Any CPU.Build.0 = Debug|Any CPU
		{07955039-15F8-41EF-9073-6EA86ED0646C}.Release|Any CPU.ActiveCfg = Release|Any CPU
		{07955039-15F8-41EF-9073-6EA86ED0646C}.Release|Any CPU.Build.0 = Release|Any CPU
		{9824548A-B175-40E2-ACF4-675AEA9CA903}.Debug|Any CPU.ActiveCfg = Debug|Any CPU
		{9824548A-B175-40E2-ACF4-675AEA9CA903}.Debug|Any CPU.Build.0 = Debug|Any CPU
		{9824548A-B175-40E2-ACF4-675AEA9CA903}.Release|Any CPU.ActiveCfg = Release|Any CPU
		{9824548A-B175-40E2-ACF4-675AEA9CA903}.Release|Any CPU.Build.0 = Release|Any CPU
		{F86E0B31-D09E-4A92-B3BD-030CE8A0F2F3}.Debug|Any CPU.ActiveCfg = Debug|Any CPU
		{F86E0B31-D09E-4A92-B3BD-030CE8A0F2F3}.Debug|Any CPU.Build.0 = Debug|Any CPU
		{F86E0B31-D09E-4A92-B3BD-030CE8A0F2F3}.Release|Any CPU.ActiveCfg = Release|Any CPU
		{F86E0B31-D09E-4A92-B3BD-030CE8A0F2F3}.Release|Any CPU.Build.0 = Release|Any CPU
		{46751030-80C6-4628-9B0E-2FEA0B294341}.Debug|Any CPU.ActiveCfg = Debug|Any CPU
		{46751030-80C6-4628-9B0E-2FEA0B294341}.Debug|Any CPU.Build.0 = Debug|Any CPU
		{46751030-80C6-4628-9B0E-2FEA0B294341}.Release|Any CPU.ActiveCfg = Release|Any CPU
		{46751030-80C6-4628-9B0E-2FEA0B294341}.Release|Any CPU.Build.0 = Release|Any CPU
	EndGlobalSection
	GlobalSection(SolutionProperties) = preSolution
		HideSolutionNode = FALSE
	EndGlobalSection
	GlobalSection(NestedProjects) = preSolution
		{CC4C6BA6-C514-47FA-BE9E-E2985611520F} = {0C95645F-6DF9-4186-AEDF-A27330846A0B}
		{3E6F5E0C-344A-46B0-9905-F6A38C0DF818} = {0C95645F-6DF9-4186-AEDF-A27330846A0B}
		{32F680B7-6A0F-494E-8D32-D63AB41DFC23} = {0C95645F-6DF9-4186-AEDF-A27330846A0B}
		{C712A520-3060-46F3-A20E-D2E63DB5A284} = {0C95645F-6DF9-4186-AEDF-A27330846A0B}
		{33EA74AA-992F-47F3-90C2-08A146B4A0D4} = {0C95645F-6DF9-4186-AEDF-A27330846A0B}
		{8D411A0D-4C32-4D7A-9259-B0EC3F621C37} = {0C95645F-6DF9-4186-AEDF-A27330846A0B}
		{D949C05E-5FAD-44F9-A557-2B46E9501A37} = {CC4C6BA6-C514-47FA-BE9E-E2985611520F}
		{FBD08E8B-B02F-4EC2-A280-FCA9D00C302E} = {32F680B7-6A0F-494E-8D32-D63AB41DFC23}
		{651CA766-2AB5-460D-90AF-E6B48E1E4B93} = {CC4C6BA6-C514-47FA-BE9E-E2985611520F}
		{7C09542A-062A-444D-B2C5-AC77EC718790} = {651CA766-2AB5-460D-90AF-E6B48E1E4B93}
		{7074B6AD-F895-4DA1-BFE7-7DD95AD51808} = {CC4C6BA6-C514-47FA-BE9E-E2985611520F}
		{07955039-15F8-41EF-9073-6EA86ED0646C} = {CC4C6BA6-C514-47FA-BE9E-E2985611520F}
		{9824548A-B175-40E2-ACF4-675AEA9CA903} = {7CD0042E-212E-4765-BD30-9A0BFA04EE31}
		{F86E0B31-D09E-4A92-B3BD-030CE8A0F2F3} = {8D411A0D-4C32-4D7A-9259-B0EC3F621C37}
		{46751030-80C6-4628-9B0E-2FEA0B294341} = {8D411A0D-4C32-4D7A-9259-B0EC3F621C37}
	EndGlobalSection
	GlobalSection(ExtensibilityGlobals) = postSolution
		SolutionGuid = {B99C5449-FCA7-492B-98C6-3DDBD29A7B5E}
	EndGlobalSection
EndGlobal
