
Microsoft Visual Studio Solution File, Format Version 12.00
# Visual Studio Version 16
VisualStudioVersion = 16.0.29102.190
MinimumVisualStudioVersion = 10.0.40219.1
Project("{FAE04EC0-301F-11D3-BF4B-00C04F79EFBC}") = "AppMvcBasica", "AppMvcBasica\AppMvcBasica.csproj", "{06DEB132-2345-4433-9330-2A1AA7F5447D}"
EndProject
Global
	GlobalSection(SolutionConfigurationPlatforms) = preSolution
		Debug|Any CPU = Debug|Any CPU
		Release|Any CPU = Release|Any CPU
	EndGlobalSection
	GlobalSection(ProjectConfigurationPlatforms) = postSolution
		{06DEB132-2345-4433-9330-2A1AA7F5447D}.Debug|Any CPU.ActiveCfg = Debug|Any CPU
		{06DEB132-2345-4433-9330-2A1AA7F5447D}.Debug|Any CPU.Build.0 = Debug|Any CPU
		{06DEB132-2345-4433-9330-2A1AA7F5447D}.Release|Any CPU.ActiveCfg = Release|Any CPU
		{06DEB132-2345-4433-9330-2A1AA7F5447D}.Release|Any CPU.Build.0 = Release|Any CPU
	EndGlobalSection
	GlobalSection(SolutionProperties) = preSolution
		HideSolutionNode = FALSE
	EndGlobalSection
	GlobalSection(ExtensibilityGlobals) = postSolution
		SolutionGuid = {DD673EEE-4C6D-4EBC-B3BE-5A84F0269839}
	EndGlobalSection
EndGlobal
